
Microsoft Visual Studio Solution File, Format Version 12.00
# Visual Studio Version 16
VisualStudioVersion = 16.0.31702.278
MinimumVisualStudioVersion = 10.0.40219.1
Project("{9A19103F-16F7-4668-BE54-9A1E7A4F7556}") = "D_API", "D_API\D_API.csproj", "{7DE8E72A-2E1C-4DB7-8EF9-6EC74C8160BE}"
EndProject
Project("{9A19103F-16F7-4668-BE54-9A1E7A4F7556}") = "D_API.Lib", "D_API.Lib\D_API.Lib.csproj", "{E17AF2E5-D251-40AA-8555-783FA3E8F4B1}"
EndProject
Project("{9A19103F-16F7-4668-BE54-9A1E7A4F7556}") = "D_API.Test", "D_API.Test\D_API.Test.csproj", "{F1B86A92-46C6-4FA4-A4C8-F6A1052B6AF0}"
EndProject
Project("{2150E333-8FDC-42A3-9474-1A3956D46DE8}") = "Misc", "Misc", "{747155EF-D0E6-49FC-925D-7B5678A352A6}"
EndProject
Project("{9A19103F-16F7-4668-BE54-9A1E7A4F7556}") = "MiscRoutines", "Misc\MiscRoutines\MiscRoutines.csproj", "{098BD414-73FE-4E98-96B8-7081DEDACB5A}"
EndProject
Project("{9A19103F-16F7-4668-BE54-9A1E7A4F7556}") = "D_API.Configurer.Lib", "Misc\D_API.Configurer.Lib\D_API.Configurer.Lib.csproj", "{44419CFB-812C-4D81-8C12-0AB38D10587C}"
EndProject
Project("{2150E333-8FDC-42A3-9474-1A3956D46DE8}") = "Solution Items", "Solution Items", "{B44BF58D-A5D4-41D4-A6F9-712FAA8E10DA}"
	ProjectSection(SolutionItems) = preProject
		LICENSE = LICENSE
		README.md = README.md
	EndProjectSection
EndProject
Global
	GlobalSection(SolutionConfigurationPlatforms) = preSolution
		Debug|Any CPU = Debug|Any CPU
		Release|Any CPU = Release|Any CPU
	EndGlobalSection
	GlobalSection(ProjectConfigurationPlatforms) = postSolution
		{7DE8E72A-2E1C-4DB7-8EF9-6EC74C8160BE}.Debug|Any CPU.ActiveCfg = Debug|Any CPU
		{7DE8E72A-2E1C-4DB7-8EF9-6EC74C8160BE}.Debug|Any CPU.Build.0 = Debug|Any CPU
		{7DE8E72A-2E1C-4DB7-8EF9-6EC74C8160BE}.Release|Any CPU.ActiveCfg = Release|Any CPU
		{7DE8E72A-2E1C-4DB7-8EF9-6EC74C8160BE}.Release|Any CPU.Build.0 = Release|Any CPU
		{E17AF2E5-D251-40AA-8555-783FA3E8F4B1}.Debug|Any CPU.ActiveCfg = Debug|Any CPU
		{E17AF2E5-D251-40AA-8555-783FA3E8F4B1}.Debug|Any CPU.Build.0 = Debug|Any CPU
		{E17AF2E5-D251-40AA-8555-783FA3E8F4B1}.Release|Any CPU.ActiveCfg = Release|Any CPU
		{E17AF2E5-D251-40AA-8555-783FA3E8F4B1}.Release|Any CPU.Build.0 = Release|Any CPU
		{F1B86A92-46C6-4FA4-A4C8-F6A1052B6AF0}.Debug|Any CPU.ActiveCfg = Debug|Any CPU
		{F1B86A92-46C6-4FA4-A4C8-F6A1052B6AF0}.Debug|Any CPU.Build.0 = Debug|Any CPU
		{F1B86A92-46C6-4FA4-A4C8-F6A1052B6AF0}.Release|Any CPU.ActiveCfg = Release|Any CPU
		{F1B86A92-46C6-4FA4-A4C8-F6A1052B6AF0}.Release|Any CPU.Build.0 = Release|Any CPU
		{098BD414-73FE-4E98-96B8-7081DEDACB5A}.Debug|Any CPU.ActiveCfg = Debug|Any CPU
		{098BD414-73FE-4E98-96B8-7081DEDACB5A}.Debug|Any CPU.Build.0 = Debug|Any CPU
		{098BD414-73FE-4E98-96B8-7081DEDACB5A}.Release|Any CPU.ActiveCfg = Release|Any CPU
		{098BD414-73FE-4E98-96B8-7081DEDACB5A}.Release|Any CPU.Build.0 = Release|Any CPU
		{44419CFB-812C-4D81-8C12-0AB38D10587C}.Debug|Any CPU.ActiveCfg = Debug|Any CPU
		{44419CFB-812C-4D81-8C12-0AB38D10587C}.Debug|Any CPU.Build.0 = Debug|Any CPU
		{44419CFB-812C-4D81-8C12-0AB38D10587C}.Release|Any CPU.ActiveCfg = Release|Any CPU
		{44419CFB-812C-4D81-8C12-0AB38D10587C}.Release|Any CPU.Build.0 = Release|Any CPU
	EndGlobalSection
	GlobalSection(SolutionProperties) = preSolution
		HideSolutionNode = FALSE
	EndGlobalSection
	GlobalSection(NestedProjects) = preSolution
		{098BD414-73FE-4E98-96B8-7081DEDACB5A} = {747155EF-D0E6-49FC-925D-7B5678A352A6}
		{44419CFB-812C-4D81-8C12-0AB38D10587C} = {747155EF-D0E6-49FC-925D-7B5678A352A6}
	EndGlobalSection
	GlobalSection(ExtensibilityGlobals) = postSolution
		SolutionGuid = {378BD7ED-33CB-48C1-A2FF-D611E54CA83D}
	EndGlobalSection
EndGlobal
