
Microsoft Visual Studio Solution File, Format Version 12.00
# Visual Studio Version 16
VisualStudioVersion = 16.0.31515.178
MinimumVisualStudioVersion = 10.0.40219.1
Project("{9A19103F-16F7-4668-BE54-9A1E7A4F7556}") = "D_API", "D_API\D_API.csproj", "{7DE8E72A-2E1C-4DB7-8EF9-6EC74C8160BE}"
EndProject
Project("{FAE04EC0-301F-11D3-BF4B-00C04F79EFBC}") = "D_API.Lib", "D_API.Lib\D_API.Lib.csproj", "{E17AF2E5-D251-40AA-8555-783FA3E8F4B1}"
EndProject
Project("{FAE04EC0-301F-11D3-BF4B-00C04F79EFBC}") = "D_API.Test", "D_API.Test\D_API.Test.csproj", "{F2A2B421-0052-4F54-8E7A-31F9C1B07F15}"
EndProject
Global
	GlobalSection(SolutionConfigurationPlatforms) = preSolution
		Debug|Any CPU = Debug|Any CPU
		Release|Any CPU = Release|Any CPU
	EndGlobalSection
	GlobalSection(ProjectConfigurationPlatforms) = postSolution
		{7DE8E72A-2E1C-4DB7-8EF9-6EC74C8160BE}.Debug|Any CPU.ActiveCfg = Debug|Any CPU
		{7DE8E72A-2E1C-4DB7-8EF9-6EC74C8160BE}.Debug|Any CPU.Build.0 = Debug|Any CPU
		{7DE8E72A-2E1C-4DB7-8EF9-6EC74C8160BE}.Release|Any CPU.ActiveCfg = Release|Any CPU
		{7DE8E72A-2E1C-4DB7-8EF9-6EC74C8160BE}.Release|Any CPU.Build.0 = Release|Any CPU
		{E17AF2E5-D251-40AA-8555-783FA3E8F4B1}.Debug|Any CPU.ActiveCfg = Debug|Any CPU
		{E17AF2E5-D251-40AA-8555-783FA3E8F4B1}.Debug|Any CPU.Build.0 = Debug|Any CPU
		{E17AF2E5-D251-40AA-8555-783FA3E8F4B1}.Release|Any CPU.ActiveCfg = Release|Any CPU
		{E17AF2E5-D251-40AA-8555-783FA3E8F4B1}.Release|Any CPU.Build.0 = Release|Any CPU
		{F2A2B421-0052-4F54-8E7A-31F9C1B07F15}.Debug|Any CPU.ActiveCfg = Debug|Any CPU
		{F2A2B421-0052-4F54-8E7A-31F9C1B07F15}.Debug|Any CPU.Build.0 = Debug|Any CPU
		{F2A2B421-0052-4F54-8E7A-31F9C1B07F15}.Release|Any CPU.ActiveCfg = Release|Any CPU
		{F2A2B421-0052-4F54-8E7A-31F9C1B07F15}.Release|Any CPU.Build.0 = Release|Any CPU
	EndGlobalSection
	GlobalSection(SolutionProperties) = preSolution
		HideSolutionNode = FALSE
	EndGlobalSection
	GlobalSection(ExtensibilityGlobals) = postSolution
		SolutionGuid = {378BD7ED-33CB-48C1-A2FF-D611E54CA83D}
	EndGlobalSection
EndGlobal
